
Microsoft Visual Studio Solution File, Format Version 12.00
# Visual Studio 15
Project("{FAE04EC0-301F-11D3-BF4B-00C04F79EFBC}") = "Assembly-CSharp", "Assembly-CSharp.csproj", "{450626E1-0DE8-0705-35C7-7782B32BED47}"
EndProject
Global
	GlobalSection(SolutionConfigurationPlatforms) = preSolution
		Debug|Any CPU = Debug|Any CPU
		Release|Any CPU = Release|Any CPU
	EndGlobalSection
	GlobalSection(ProjectConfigurationPlatforms) = postSolution
		{450626E1-0DE8-0705-35C7-7782B32BED47}.Debug|Any CPU.ActiveCfg = Debug|Any CPU
		{450626E1-0DE8-0705-35C7-7782B32BED47}.Debug|Any CPU.Build.0 = Debug|Any CPU
		{450626E1-0DE8-0705-35C7-7782B32BED47}.Release|Any CPU.ActiveCfg = Release|Any CPU
		{450626E1-0DE8-0705-35C7-7782B32BED47}.Release|Any CPU.Build.0 = Release|Any CPU
	EndGlobalSection
	GlobalSection(SolutionProperties) = preSolution
		HideSolutionNode = FALSE
	EndGlobalSection
EndGlobal
